{
  "name": "msg-viewer",
  "version": "0.0.1",
  "lockfileVersion": 3,
  "requires": true,
  "packages": {
    "": {
      "name": "msg-viewer",
      "version": "0.0.1",
      "license": "MIT",
      "dependencies": {
        "@kenjiuno/msgreader": "^1.28.0"
      },
      "devDependencies": {
        "@types/node": "^22.0.0",
        "@types/vscode": "^1.90.0",
        "typescript": "^5.7.0"
      },
      "engines": {
        "vscode": "^1.90.0"
      }
    },
    "node_modules/@kenjiuno/decompressrtf": {
      "version": "0.1.4",
      "resolved": "https://registry.npmjs.org/@kenjiuno/decompressrtf/-/decompressrtf-0.1.4.tgz",
      "integrity": "sha512-v9c/iFz17jRWyd2cRnrvJg4VOg/4I/VCk+bG8JnoX2gJ9sAesPzo3uTqcmlVXdpasTI8hChpBVw00pghKe3qTQ==",
      "license": "BSD-2-Clause"
    },
    "node_modules/@kenjiuno/msgreader": {
      "version": "1.28.0",
      "resolved": "https://registry.npmjs.org/@kenjiuno/msgreader/-/msgreader-1.28.0.tgz",
      "integrity": "sha512-+iv2rWCGRHmX/3sBwXZzkThEuuywGJjnYsvxj6Kp1L/FDMICQcFrtqN+6MFrnh2d+umtfGtX904wxaYEDZ52MQ==",
      "license": "Apache-2.0",
      "dependencies": {
        "@kenjiuno/decompressrtf": "^0.1.3",
        "iconv-lite": "^0.6.3"
      },
      "engines": {
        "node": ">= 10"
      }
    },
    "node_modules/@types/node": {
      "version": "22.20.1",
      "resolved": "https://registry.npmjs.org/@types/node/-/node-22.20.1.tgz",
      "integrity": "sha512-EANqOCF9QFyra+4pfxUcX9STKJpCLjMbObVzljIJomAWSnuSIEAvyzEU53GaajbXJEgdh0iEcPL+DGvpUd4k1Q==",
      "dev": true,
      "license": "MIT",
      "dependencies": {
        "undici-types": "~6.21.0"
      }
    },
    "node_modules/@types/vscode": {
      "version": "1.125.0",
      "resolved": "https://registry.npmjs.org/@types/vscode/-/vscode-1.125.0.tgz",
      "integrity": "sha512-0icm/ZQAaism87P0ekHqi4/Ju9du+Tm0RUW+y7vqRsxY2cY0FNRX1nAnaW7nT6npPt2tfHiheZ55Zm9UhqonFA==",
      "dev": true,
      "license": "MIT"
    },
    "node_modules/iconv-lite": {
      "version": "0.6.3",
      "resolved": "https://registry.npmjs.org/iconv-lite/-/iconv-lite-0.6.3.tgz",
      "integrity": "sha512-4fCk79wshMdzMp2rH06qWrJE4iolqLhCUH+OiuIgU++RB0+94NlDL81atO7GX55uUKueo0txHNtvEyI6D7WdMw==",
      "license": "MIT",
      "dependencies": {
        "safer-buffer": ">= 2.1.2 < 3.0.0"
      },
      "engines": {
        "node": ">=0.10.0"
      }
    },
    "node_modules/safer-buffer": {
      "version": "2.1.2",
      "resolved": "https://registry.npmjs.org/safer-buffer/-/safer-buffer-2.1.2.tgz",
      "integrity": "sha512-YZo3K82SD7Riyi0E1EQPojLz7kpepnSQI9IyPbHHg1XXXevb5dJI7tpyN2ADxGcQbHG7vcyRHk0cbwqcQriUtg==",
      "license": "MIT"
    },
    "node_modules/typescript": {
      "version": "5.9.3",
      "resolved": "https://registry.npmjs.org/typescript/-/typescript-5.9.3.tgz",
      "integrity": "sha512-jl1vZzPDinLr9eUt3J/t7V6FgNEw9QjvBPdysz9KfQDD41fQrC2Y4vKQdiaUpFT4bXlb1RHhLpp8wtm6M5TgSw==",
      "dev": true,
      "license": "Apache-2.0",
      "bin": {
        "tsc": "bin/tsc",
        "tsserver": "bin/tsserver"
      },
      "engines": {
        "node": ">=14.17"
      }
    },
    "node_modules/undici-types": {
      "version": "6.21.0",
      "resolved": "https://registry.npmjs.org/undici-types/-/undici-types-6.21.0.tgz",
      "integrity": "sha512-iwDZqg0QAGrg9Rav5H4n0M64c3mkR59cJ6wQp+7C4nI0gsmExaedaYLNO44eT4AtBBwjbTiGPMlt2Md0T9H9JQ==",
      "dev": true,
      "license": "MIT"
    }
  }
}
